
Microsoft Visual Studio Solution File, Format Version 12.00
# Visual Studio 14
VisualStudioVersion = 14.0.25420.1
MinimumVisualStudioVersion = 10.0.40219.1
Project("{FAE04EC0-301F-11D3-BF4B-00C04F79EFBC}") = "GRP.Core", "GRP.Core\GRP.Core.csproj", "{FA2A373B-8879-443A-90D8-BFDF22474713}"
EndProject
Project("{2150E333-8FDC-42A3-9474-1A3956D46DE8}") = "Data Layer", "Data Layer", "{02DC5F15-B0F4-461F-B4B3-80DF886D0758}"
EndProject
Project("{2150E333-8FDC-42A3-9474-1A3956D46DE8}") = "Business Layer", "Business Layer", "{74BD6E13-00AD-48E2-99B1-969F095FD608}"
EndProject
Project("{FAE04EC0-301F-11D3-BF4B-00C04F79EFBC}") = "GRP.Data", "GRP.Data\GRP.Data.csproj", "{5CA92BB9-B641-4C21-AACF-F9BA45A13ADA}"
EndProject
Project("{2150E333-8FDC-42A3-9474-1A3956D46DE8}") = "Database", "Database", "{3B70E8EC-769F-42E0-8FDE-4E2D3A2F7059}"
EndProject
Project("{00D1A9C2-B5F0-4AF3-8072-F6C62B433612}") = "GRP.Database", "GRP.Database\GRP.Database.sqlproj", "{98B6DF81-AF59-4C80-99F7-25A201550BBF}"
EndProject
Project("{FAE04EC0-301F-11D3-BF4B-00C04F79EFBC}") = "GRP.Logic", "GRP.Logic\GRP.Logic.csproj", "{15149426-934E-4470-AB57-AC4D2A624A61}"
EndProject
Project("{2150E333-8FDC-42A3-9474-1A3956D46DE8}") = "Test", "Test", "{35848075-4170-4DFD-9763-4250C69260FA}"
EndProject
Project("{FAE04EC0-301F-11D3-BF4B-00C04F79EFBC}") = "GRP.Test", "GRP.Test\GRP.Test.csproj", "{D3CE0187-174F-44A2-813C-D06C981CF4B9}"
EndProject
Project("{FAE04EC0-301F-11D3-BF4B-00C04F79EFBC}") = "GRP.Services", "GRP.Services\GRP.Services.csproj", "{FADCE5AC-9422-4C68-B337-D7FC5D76549F}"
EndProject
Global
	GlobalSection(SolutionConfigurationPlatforms) = preSolution
		Debug|Any CPU = Debug|Any CPU
		Release|Any CPU = Release|Any CPU
	EndGlobalSection
	GlobalSection(ProjectConfigurationPlatforms) = postSolution
		{FA2A373B-8879-443A-90D8-BFDF22474713}.Debug|Any CPU.ActiveCfg = Debug|Any CPU
		{FA2A373B-8879-443A-90D8-BFDF22474713}.Debug|Any CPU.Build.0 = Debug|Any CPU
		{FA2A373B-8879-443A-90D8-BFDF22474713}.Release|Any CPU.ActiveCfg = Release|Any CPU
		{FA2A373B-8879-443A-90D8-BFDF22474713}.Release|Any CPU.Build.0 = Release|Any CPU
		{5CA92BB9-B641-4C21-AACF-F9BA45A13ADA}.Debug|Any CPU.ActiveCfg = Debug|Any CPU
		{5CA92BB9-B641-4C21-AACF-F9BA45A13ADA}.Debug|Any CPU.Build.0 = Debug|Any CPU
		{5CA92BB9-B641-4C21-AACF-F9BA45A13ADA}.Release|Any CPU.ActiveCfg = Release|Any CPU
		{5CA92BB9-B641-4C21-AACF-F9BA45A13ADA}.Release|Any CPU.Build.0 = Release|Any CPU
		{98B6DF81-AF59-4C80-99F7-25A201550BBF}.Debug|Any CPU.ActiveCfg = Debug|Any CPU
		{98B6DF81-AF59-4C80-99F7-25A201550BBF}.Debug|Any CPU.Build.0 = Debug|Any CPU
		{98B6DF81-AF59-4C80-99F7-25A201550BBF}.Debug|Any CPU.Deploy.0 = Debug|Any CPU
		{98B6DF81-AF59-4C80-99F7-25A201550BBF}.Release|Any CPU.ActiveCfg = Release|Any CPU
		{98B6DF81-AF59-4C80-99F7-25A201550BBF}.Release|Any CPU.Build.0 = Release|Any CPU
		{98B6DF81-AF59-4C80-99F7-25A201550BBF}.Release|Any CPU.Deploy.0 = Release|Any CPU
		{15149426-934E-4470-AB57-AC4D2A624A61}.Debug|Any CPU.ActiveCfg = Debug|Any CPU
		{15149426-934E-4470-AB57-AC4D2A624A61}.Debug|Any CPU.Build.0 = Debug|Any CPU
		{15149426-934E-4470-AB57-AC4D2A624A61}.Release|Any CPU.ActiveCfg = Release|Any CPU
		{15149426-934E-4470-AB57-AC4D2A624A61}.Release|Any CPU.Build.0 = Release|Any CPU
		{D3CE0187-174F-44A2-813C-D06C981CF4B9}.Debug|Any CPU.ActiveCfg = Debug|Any CPU
		{D3CE0187-174F-44A2-813C-D06C981CF4B9}.Debug|Any CPU.Build.0 = Debug|Any CPU
		{D3CE0187-174F-44A2-813C-D06C981CF4B9}.Release|Any CPU.ActiveCfg = Release|Any CPU
		{D3CE0187-174F-44A2-813C-D06C981CF4B9}.Release|Any CPU.Build.0 = Release|Any CPU
		{FADCE5AC-9422-4C68-B337-D7FC5D76549F}.Debug|Any CPU.ActiveCfg = Debug|Any CPU
		{FADCE5AC-9422-4C68-B337-D7FC5D76549F}.Debug|Any CPU.Build.0 = Debug|Any CPU
		{FADCE5AC-9422-4C68-B337-D7FC5D76549F}.Release|Any CPU.ActiveCfg = Release|Any CPU
		{FADCE5AC-9422-4C68-B337-D7FC5D76549F}.Release|Any CPU.Build.0 = Release|Any CPU
	EndGlobalSection
	GlobalSection(SolutionProperties) = preSolution
		HideSolutionNode = FALSE
	EndGlobalSection
	GlobalSection(NestedProjects) = preSolution
		{FA2A373B-8879-443A-90D8-BFDF22474713} = {74BD6E13-00AD-48E2-99B1-969F095FD608}
		{5CA92BB9-B641-4C21-AACF-F9BA45A13ADA} = {02DC5F15-B0F4-461F-B4B3-80DF886D0758}
		{98B6DF81-AF59-4C80-99F7-25A201550BBF} = {3B70E8EC-769F-42E0-8FDE-4E2D3A2F7059}
		{15149426-934E-4470-AB57-AC4D2A624A61} = {74BD6E13-00AD-48E2-99B1-969F095FD608}
		{D3CE0187-174F-44A2-813C-D06C981CF4B9} = {35848075-4170-4DFD-9763-4250C69260FA}
		{FADCE5AC-9422-4C68-B337-D7FC5D76549F} = {74BD6E13-00AD-48E2-99B1-969F095FD608}
	EndGlobalSection
EndGlobal
